// !$*UTF8*$!
{
	archiveVersion = 1;
	classes = {
	};
	objectVersion = 46;
	objects = {

/* Begin PBXBuildFile section */
		47A685478A602CA8B763154C /* Pods.framework in Frameworks */ = {isa = PBXBuildFile; fileRef = BF5100A58A6D9E427296C7F2 /* Pods.framework */; };
		A60007AB1CBEE3620040F15A /* KennelPickerVC.swift in Sources */ = {isa = PBXBuildFile; fileRef = A60007AA1CBEE3620040F15A /* KennelPickerVC.swift */; };
		A60007AC1CBEE3620040F15A /* KennelPickerVC.swift in Sources */ = {isa = PBXBuildFile; fileRef = A60007AA1CBEE3620040F15A /* KennelPickerVC.swift */; };
		A60007AD1CBEE3620040F15A /* KennelPickerVC.swift in Sources */ = {isa = PBXBuildFile; fileRef = A60007AA1CBEE3620040F15A /* KennelPickerVC.swift */; };
		A6188D601C9A174600BAE354 /* AppDelegate.swift in Sources */ = {isa = PBXBuildFile; fileRef = A61929081C94912A00D8C945 /* AppDelegate.swift */; };
		A6188D611C9A174700BAE354 /* AppDelegate.swift in Sources */ = {isa = PBXBuildFile; fileRef = A61929081C94912A00D8C945 /* AppDelegate.swift */; };
		A6188D621C9A175300BAE354 /* Assets.xcassets in Resources */ = {isa = PBXBuildFile; fileRef = A61929111C94912A00D8C945 /* Assets.xcassets */; };
		A6188D631C9A175300BAE354 /* Assets.xcassets in Resources */ = {isa = PBXBuildFile; fileRef = A61929111C94912A00D8C945 /* Assets.xcassets */; };
		A6188D641C9A175800BAE354 /* LaunchScreen.storyboard in Resources */ = {isa = PBXBuildFile; fileRef = A61929131C94912A00D8C945 /* LaunchScreen.storyboard */; };
		A6188D651C9A175A00BAE354 /* LaunchScreen.storyboard in Resources */ = {isa = PBXBuildFile; fileRef = A61929131C94912A00D8C945 /* LaunchScreen.storyboard */; };
		A6188D671C9A175F00BAE354 /* Info.plist in Resources */ = {isa = PBXBuildFile; fileRef = A61929161C94912A00D8C945 /* Info.plist */; };
		A6188D681C9A176000BAE354 /* Info.plist in Resources */ = {isa = PBXBuildFile; fileRef = A61929161C94912A00D8C945 /* Info.plist */; };
		A61929091C94912A00D8C945 /* AppDelegate.swift in Sources */ = {isa = PBXBuildFile; fileRef = A61929081C94912A00D8C945 /* AppDelegate.swift */; };
		A619290B1C94912A00D8C945 /* TrailListVC.swift in Sources */ = {isa = PBXBuildFile; fileRef = A619290A1C94912A00D8C945 /* TrailListVC.swift */; };
		A619290D1C94912A00D8C945 /* HasherDataVC.swift in Sources */ = {isa = PBXBuildFile; fileRef = A619290C1C94912A00D8C945 /* HasherDataVC.swift */; };
		A61929121C94912A00D8C945 /* Assets.xcassets in Resources */ = {isa = PBXBuildFile; fileRef = A61929111C94912A00D8C945 /* Assets.xcassets */; };
		A61929151C94912A00D8C945 /* LaunchScreen.storyboard in Resources */ = {isa = PBXBuildFile; fileRef = A61929131C94912A00D8C945 /* LaunchScreen.storyboard */; };
		A61929201C94912A00D8C945 /* Hash_MeTests.swift in Sources */ = {isa = PBXBuildFile; fileRef = A619291F1C94912A00D8C945 /* Hash_MeTests.swift */; };
		A619292B1C94912A00D8C945 /* Hash_MeUITests.swift in Sources */ = {isa = PBXBuildFile; fileRef = A619292A1C94912A00D8C945 /* Hash_MeUITests.swift */; };
		A6271D3C1CCFE5980060E8DB /* KennelMembersVC.swift in Sources */ = {isa = PBXBuildFile; fileRef = A6271D3B1CCFE5980060E8DB /* KennelMembersVC.swift */; };
		A6271D3E1CCFE7680060E8DB /* KennelMemberCell.swift in Sources */ = {isa = PBXBuildFile; fileRef = A6271D3D1CCFE7680060E8DB /* KennelMemberCell.swift */; };
		A6271D3F1CCFE7680060E8DB /* KennelMemberCell.swift in Sources */ = {isa = PBXBuildFile; fileRef = A6271D3D1CCFE7680060E8DB /* KennelMemberCell.swift */; };
		A6271D401CCFE7680060E8DB /* KennelMemberCell.swift in Sources */ = {isa = PBXBuildFile; fileRef = A6271D3D1CCFE7680060E8DB /* KennelMemberCell.swift */; };
		A63CA2C51CD93F360081F9E5 /* EditMismanVC.swift in Sources */ = {isa = PBXBuildFile; fileRef = A63CA2C41CD93F360081F9E5 /* EditMismanVC.swift */; };
		A63CA2C61CD93F360081F9E5 /* EditMismanVC.swift in Sources */ = {isa = PBXBuildFile; fileRef = A63CA2C41CD93F360081F9E5 /* EditMismanVC.swift */; };
		A63CA2C71CD93F360081F9E5 /* EditMismanVC.swift in Sources */ = {isa = PBXBuildFile; fileRef = A63CA2C41CD93F360081F9E5 /* EditMismanVC.swift */; };
		A64554E31C975BC60016373E /* AddNewTrailVC.swift in Sources */ = {isa = PBXBuildFile; fileRef = A64554E21C975BC60016373E /* AddNewTrailVC.swift */; };
		A64554E41C975BC60016373E /* AddNewTrailVC.swift in Sources */ = {isa = PBXBuildFile; fileRef = A64554E21C975BC60016373E /* AddNewTrailVC.swift */; };
		A64554E51C975BC60016373E /* AddNewTrailVC.swift in Sources */ = {isa = PBXBuildFile; fileRef = A64554E21C975BC60016373E /* AddNewTrailVC.swift */; };
		A6477B291CDCD33C00194752 /* TrailMapAnno.swift in Sources */ = {isa = PBXBuildFile; fileRef = A6477B281CDCD33C00194752 /* TrailMapAnno.swift */; };
		A6477B2A1CDCD33C00194752 /* TrailMapAnno.swift in Sources */ = {isa = PBXBuildFile; fileRef = A6477B281CDCD33C00194752 /* TrailMapAnno.swift */; };
		A6477B2B1CDCD33C00194752 /* TrailMapAnno.swift in Sources */ = {isa = PBXBuildFile; fileRef = A6477B281CDCD33C00194752 /* TrailMapAnno.swift */; };
		A6477B2D1CDCD36300194752 /* KennelMapAnno.swift in Sources */ = {isa = PBXBuildFile; fileRef = A6477B2C1CDCD36300194752 /* KennelMapAnno.swift */; };
		A6477B2E1CDCD36300194752 /* KennelMapAnno.swift in Sources */ = {isa = PBXBuildFile; fileRef = A6477B2C1CDCD36300194752 /* KennelMapAnno.swift */; };
		A6477B2F1CDCD36300194752 /* KennelMapAnno.swift in Sources */ = {isa = PBXBuildFile; fileRef = A6477B2C1CDCD36300194752 /* KennelMapAnno.swift */; };
		A6764AC41CCA5DEE00E376F0 /* KennelTrailsCell.swift in Sources */ = {isa = PBXBuildFile; fileRef = A6764AC31CCA5DEE00E376F0 /* KennelTrailsCell.swift */; };
		A6764AC51CCA5DEE00E376F0 /* KennelTrailsCell.swift in Sources */ = {isa = PBXBuildFile; fileRef = A6764AC31CCA5DEE00E376F0 /* KennelTrailsCell.swift */; };
		A6764AC61CCA5DEE00E376F0 /* KennelTrailsCell.swift in Sources */ = {isa = PBXBuildFile; fileRef = A6764AC31CCA5DEE00E376F0 /* KennelTrailsCell.swift */; };
		A6764AC81CCAB28900E376F0 /* MapAddressVC.swift in Sources */ = {isa = PBXBuildFile; fileRef = A6764AC71CCAB28900E376F0 /* MapAddressVC.swift */; };
		A6764AC91CCAB28900E376F0 /* MapAddressVC.swift in Sources */ = {isa = PBXBuildFile; fileRef = A6764AC71CCAB28900E376F0 /* MapAddressVC.swift */; };
		A6764ACA1CCAB28900E376F0 /* MapAddressVC.swift in Sources */ = {isa = PBXBuildFile; fileRef = A6764AC71CCAB28900E376F0 /* MapAddressVC.swift */; };
		A6764ACC1CCBD72600E376F0 /* EditKennelVC.swift in Sources */ = {isa = PBXBuildFile; fileRef = A6764ACB1CCBD72600E376F0 /* EditKennelVC.swift */; };
		A6764ACD1CCBD72600E376F0 /* EditKennelVC.swift in Sources */ = {isa = PBXBuildFile; fileRef = A6764ACB1CCBD72600E376F0 /* EditKennelVC.swift */; };
		A6764ACE1CCBD72600E376F0 /* EditKennelVC.swift in Sources */ = {isa = PBXBuildFile; fileRef = A6764ACB1CCBD72600E376F0 /* EditKennelVC.swift */; };
		A67F77F91CCC29FF0020554C /* MapKit.framework in Frameworks */ = {isa = PBXBuildFile; fileRef = A67F77F81CCC29FF0020554C /* MapKit.framework */; };
		A68864C61CE3A8D900F94A46 /* HashMeButton.swift in Sources */ = {isa = PBXBuildFile; fileRef = A68864C51CE3A8D900F94A46 /* HashMeButton.swift */; };
		A68864C71CE3A8D900F94A46 /* HashMeButton.swift in Sources */ = {isa = PBXBuildFile; fileRef = A68864C51CE3A8D900F94A46 /* HashMeButton.swift */; };
		A68864C81CE3A8D900F94A46 /* HashMeButton.swift in Sources */ = {isa = PBXBuildFile; fileRef = A68864C51CE3A8D900F94A46 /* HashMeButton.swift */; };
		A68864CA1CE3A97400F94A46 /* HashMeTextField.swift in Sources */ = {isa = PBXBuildFile; fileRef = A68864C91CE3A97400F94A46 /* HashMeTextField.swift */; };
		A68864CB1CE3A97400F94A46 /* HashMeTextField.swift in Sources */ = {isa = PBXBuildFile; fileRef = A68864C91CE3A97400F94A46 /* HashMeTextField.swift */; };
		A68864CC1CE3A97400F94A46 /* HashMeTextField.swift in Sources */ = {isa = PBXBuildFile; fileRef = A68864C91CE3A97400F94A46 /* HashMeTextField.swift */; };
		A68864CE1CE3A9A500F94A46 /* HashMeView.swift in Sources */ = {isa = PBXBuildFile; fileRef = A68864CD1CE3A9A500F94A46 /* HashMeView.swift */; };
		A68864CF1CE3A9A500F94A46 /* HashMeView.swift in Sources */ = {isa = PBXBuildFile; fileRef = A68864CD1CE3A9A500F94A46 /* HashMeView.swift */; };
		A68864D01CE3A9A500F94A46 /* HashMeView.swift in Sources */ = {isa = PBXBuildFile; fileRef = A68864CD1CE3A9A500F94A46 /* HashMeView.swift */; };
		A68864D31CE3AFDE00F94A46 /* ClaimHashIdVC.swift in Sources */ = {isa = PBXBuildFile; fileRef = A68864D21CE3AFDE00F94A46 /* ClaimHashIdVC.swift */; };
		A68864D41CE3AFDE00F94A46 /* ClaimHashIdVC.swift in Sources */ = {isa = PBXBuildFile; fileRef = A68864D21CE3AFDE00F94A46 /* ClaimHashIdVC.swift */; };
		A68864D51CE3AFDE00F94A46 /* ClaimHashIdVC.swift in Sources */ = {isa = PBXBuildFile; fileRef = A68864D21CE3AFDE00F94A46 /* ClaimHashIdVC.swift */; };
		A6A0E3D61C9496A00003EE0E /* DataService.swift in Sources */ = {isa = PBXBuildFile; fileRef = A6A0E3D51C9496A00003EE0E /* DataService.swift */; };
		A6A0E3D71C9496A00003EE0E /* DataService.swift in Sources */ = {isa = PBXBuildFile; fileRef = A6A0E3D51C9496A00003EE0E /* DataService.swift */; };
		A6A0E3D81C9496A00003EE0E /* DataService.swift in Sources */ = {isa = PBXBuildFile; fileRef = A6A0E3D51C9496A00003EE0E /* DataService.swift */; };
		A6A0E3E01C94A08D0003EE0E /* FBSDKCoreKit.framework in Frameworks */ = {isa = PBXBuildFile; fileRef = A6A0E3DD1C94A08D0003EE0E /* FBSDKCoreKit.framework */; };
		A6A0E3E11C94A08D0003EE0E /* FBSDKCoreKit.framework in Frameworks */ = {isa = PBXBuildFile; fileRef = A6A0E3DD1C94A08D0003EE0E /* FBSDKCoreKit.framework */; };
		A6A0E3E21C94A08D0003EE0E /* FBSDKCoreKit.framework in Frameworks */ = {isa = PBXBuildFile; fileRef = A6A0E3DD1C94A08D0003EE0E /* FBSDKCoreKit.framework */; };
		A6A0E3E31C94A08D0003EE0E /* FBSDKLoginKit.framework in Frameworks */ = {isa = PBXBuildFile; fileRef = A6A0E3DE1C94A08D0003EE0E /* FBSDKLoginKit.framework */; };
		A6A0E3E41C94A08D0003EE0E /* FBSDKLoginKit.framework in Frameworks */ = {isa = PBXBuildFile; fileRef = A6A0E3DE1C94A08D0003EE0E /* FBSDKLoginKit.framework */; };
		A6A0E3E51C94A08D0003EE0E /* FBSDKLoginKit.framework in Frameworks */ = {isa = PBXBuildFile; fileRef = A6A0E3DE1C94A08D0003EE0E /* FBSDKLoginKit.framework */; };
		A6A0E3E61C94A08D0003EE0E /* FBSDKShareKit.framework in Frameworks */ = {isa = PBXBuildFile; fileRef = A6A0E3DF1C94A08D0003EE0E /* FBSDKShareKit.framework */; };
		A6A0E3E71C94A08D0003EE0E /* FBSDKShareKit.framework in Frameworks */ = {isa = PBXBuildFile; fileRef = A6A0E3DF1C94A08D0003EE0E /* FBSDKShareKit.framework */; };
		A6A0E3E81C94A08D0003EE0E /* FBSDKShareKit.framework in Frameworks */ = {isa = PBXBuildFile; fileRef = A6A0E3DF1C94A08D0003EE0E /* FBSDKShareKit.framework */; };
		A6A0E3EA1C94A4650003EE0E /* LoginScreenVC.swift in Sources */ = {isa = PBXBuildFile; fileRef = A6A0E3E91C94A4650003EE0E /* LoginScreenVC.swift */; };
		A6A0E3EB1C94A4650003EE0E /* LoginScreenVC.swift in Sources */ = {isa = PBXBuildFile; fileRef = A6A0E3E91C94A4650003EE0E /* LoginScreenVC.swift */; };
		A6A0E3EC1C94A4650003EE0E /* LoginScreenVC.swift in Sources */ = {isa = PBXBuildFile; fileRef = A6A0E3E91C94A4650003EE0E /* LoginScreenVC.swift */; };
		A6A0E3EE1C94AAB40003EE0E /* Constants.swift in Sources */ = {isa = PBXBuildFile; fileRef = A6A0E3ED1C94AAB40003EE0E /* Constants.swift */; };
		A6A0E3EF1C94AAB40003EE0E /* Constants.swift in Sources */ = {isa = PBXBuildFile; fileRef = A6A0E3ED1C94AAB40003EE0E /* Constants.swift */; };
		A6A0E3F01C94AAB40003EE0E /* Constants.swift in Sources */ = {isa = PBXBuildFile; fileRef = A6A0E3ED1C94AAB40003EE0E /* Constants.swift */; };
		A6A349501CB92E5900B919D8 /* ManageKennelVC.swift in Sources */ = {isa = PBXBuildFile; fileRef = A6A3494F1CB92E5900B919D8 /* ManageKennelVC.swift */; };
		A6A349511CB92E5900B919D8 /* ManageKennelVC.swift in Sources */ = {isa = PBXBuildFile; fileRef = A6A3494F1CB92E5900B919D8 /* ManageKennelVC.swift */; };
		A6A349521CB92E5900B919D8 /* ManageKennelVC.swift in Sources */ = {isa = PBXBuildFile; fileRef = A6A3494F1CB92E5900B919D8 /* ManageKennelVC.swift */; };
		A6B22DE91CC6CDDB00A4F389 /* HasherPickerVC.swift in Sources */ = {isa = PBXBuildFile; fileRef = A6B22DE81CC6CDDB00A4F389 /* HasherPickerVC.swift */; };
		A6B22DEA1CC6CDDB00A4F389 /* HasherPickerVC.swift in Sources */ = {isa = PBXBuildFile; fileRef = A6B22DE81CC6CDDB00A4F389 /* HasherPickerVC.swift */; };
		A6B22DEB1CC6CDDB00A4F389 /* HasherPickerVC.swift in Sources */ = {isa = PBXBuildFile; fileRef = A6B22DE81CC6CDDB00A4F389 /* HasherPickerVC.swift */; };
		A6B22DED1CC7FFC000A4F389 /* HareCell.swift in Sources */ = {isa = PBXBuildFile; fileRef = A6B22DEC1CC7FFC000A4F389 /* HareCell.swift */; };
		A6B22DEE1CC7FFC000A4F389 /* HareCell.swift in Sources */ = {isa = PBXBuildFile; fileRef = A6B22DEC1CC7FFC000A4F389 /* HareCell.swift */; };
		A6B22DEF1CC7FFC000A4F389 /* HareCell.swift in Sources */ = {isa = PBXBuildFile; fileRef = A6B22DEC1CC7FFC000A4F389 /* HareCell.swift */; };
		A6B22DF11CC9016A00A4F389 /* KennelPickerTableVC.swift in Sources */ = {isa = PBXBuildFile; fileRef = A6B22DF01CC9016A00A4F389 /* KennelPickerTableVC.swift */; };
		A6B22DF21CC9016A00A4F389 /* KennelPickerTableVC.swift in Sources */ = {isa = PBXBuildFile; fileRef = A6B22DF01CC9016A00A4F389 /* KennelPickerTableVC.swift */; };
		A6B22DF31CC9016A00A4F389 /* KennelPickerTableVC.swift in Sources */ = {isa = PBXBuildFile; fileRef = A6B22DF01CC9016A00A4F389 /* KennelPickerTableVC.swift */; };
		A6B22DF51CC9018100A4F389 /* KennelPickerTableCell.swift in Sources */ = {isa = PBXBuildFile; fileRef = A6B22DF41CC9018100A4F389 /* KennelPickerTableCell.swift */; };
		A6B22DF61CC9018100A4F389 /* KennelPickerTableCell.swift in Sources */ = {isa = PBXBuildFile; fileRef = A6B22DF41CC9018100A4F389 /* KennelPickerTableCell.swift */; };
		A6B22DF71CC9018100A4F389 /* KennelPickerTableCell.swift in Sources */ = {isa = PBXBuildFile; fileRef = A6B22DF41CC9018100A4F389 /* KennelPickerTableCell.swift */; };
		A6B22DF91CC9019C00A4F389 /* HasherPickerTableCell.swift in Sources */ = {isa = PBXBuildFile; fileRef = A6B22DF81CC9019C00A4F389 /* HasherPickerTableCell.swift */; };
		A6B22DFA1CC9019C00A4F389 /* HasherPickerTableCell.swift in Sources */ = {isa = PBXBuildFile; fileRef = A6B22DF81CC9019C00A4F389 /* HasherPickerTableCell.swift */; };
		A6B22DFB1CC9019C00A4F389 /* HasherPickerTableCell.swift in Sources */ = {isa = PBXBuildFile; fileRef = A6B22DF81CC9019C00A4F389 /* HasherPickerTableCell.swift */; };
		A6B22DFD1CC901B400A4F389 /* HasherPickerTableVC.swift in Sources */ = {isa = PBXBuildFile; fileRef = A6B22DFC1CC901B400A4F389 /* HasherPickerTableVC.swift */; };
		A6B22DFE1CC901B400A4F389 /* HasherPickerTableVC.swift in Sources */ = {isa = PBXBuildFile; fileRef = A6B22DFC1CC901B400A4F389 /* HasherPickerTableVC.swift */; };
		A6B22DFF1CC901B400A4F389 /* HasherPickerTableVC.swift in Sources */ = {isa = PBXBuildFile; fileRef = A6B22DFC1CC901B400A4F389 /* HasherPickerTableVC.swift */; };
		A6BA76611CBBE58600D29C66 /* AttendeeCell.swift in Sources */ = {isa = PBXBuildFile; fileRef = A6BA76601CBBE58600D29C66 /* AttendeeCell.swift */; };
		A6BA76621CBBE58600D29C66 /* AttendeeCell.swift in Sources */ = {isa = PBXBuildFile; fileRef = A6BA76601CBBE58600D29C66 /* AttendeeCell.swift */; };
		A6BA76631CBBE58600D29C66 /* AttendeeCell.swift in Sources */ = {isa = PBXBuildFile; fileRef = A6BA76601CBBE58600D29C66 /* AttendeeCell.swift */; };
		A6BA76651CBBF32A00D29C66 /* AttendeeDetailsVC.swift in Sources */ = {isa = PBXBuildFile; fileRef = A6BA76641CBBF32A00D29C66 /* AttendeeDetailsVC.swift */; };
		A6BA76661CBBF32A00D29C66 /* AttendeeDetailsVC.swift in Sources */ = {isa = PBXBuildFile; fileRef = A6BA76641CBBF32A00D29C66 /* AttendeeDetailsVC.swift */; };
		A6BA76671CBBF32A00D29C66 /* AttendeeDetailsVC.swift in Sources */ = {isa = PBXBuildFile; fileRef = A6BA76641CBBF32A00D29C66 /* AttendeeDetailsVC.swift */; };
		A6BBA7AF1C9524690030DB53 /* TrailCell.swift in Sources */ = {isa = PBXBuildFile; fileRef = A6BBA7AE1C9524690030DB53 /* TrailCell.swift */; };
		A6BBA7B01C9524690030DB53 /* TrailCell.swift in Sources */ = {isa = PBXBuildFile; fileRef = A6BBA7AE1C9524690030DB53 /* TrailCell.swift */; };
		A6BBA7B11C9524690030DB53 /* TrailCell.swift in Sources */ = {isa = PBXBuildFile; fileRef = A6BBA7AE1C9524690030DB53 /* TrailCell.swift */; };
		A6BBA7B31C9525560030DB53 /* TrailData.swift in Sources */ = {isa = PBXBuildFile; fileRef = A6BBA7B21C9525560030DB53 /* TrailData.swift */; };
		A6BBA7B41C9525560030DB53 /* TrailData.swift in Sources */ = {isa = PBXBuildFile; fileRef = A6BBA7B21C9525560030DB53 /* TrailData.swift */; };
		A6BBA7B51C9525560030DB53 /* TrailData.swift in Sources */ = {isa = PBXBuildFile; fileRef = A6BBA7B21C9525560030DB53 /* TrailData.swift */; };
		A6C7AEE61CA33D5E0080814C /* AttendeeData.swift in Sources */ = {isa = PBXBuildFile; fileRef = A6C7AEE51CA33D5E0080814C /* AttendeeData.swift */; };
		A6C7AEE71CA33D5E0080814C /* AttendeeData.swift in Sources */ = {isa = PBXBuildFile; fileRef = A6C7AEE51CA33D5E0080814C /* AttendeeData.swift */; };
		A6C7AEE81CA33D5E0080814C /* AttendeeData.swift in Sources */ = {isa = PBXBuildFile; fileRef = A6C7AEE51CA33D5E0080814C /* AttendeeData.swift */; };
		A6CB71371C96210600F27D12 /* ManageTrailVC.swift in Sources */ = {isa = PBXBuildFile; fileRef = A6CB71361C96210600F27D12 /* ManageTrailVC.swift */; };
		A6CB71381C96210600F27D12 /* ManageTrailVC.swift in Sources */ = {isa = PBXBuildFile; fileRef = A6CB71361C96210600F27D12 /* ManageTrailVC.swift */; };
		A6CB71391C96210600F27D12 /* ManageTrailVC.swift in Sources */ = {isa = PBXBuildFile; fileRef = A6CB71361C96210600F27D12 /* ManageTrailVC.swift */; };
		A6CB713B1C9644FF00F27D12 /* Main.storyboard in Resources */ = {isa = PBXBuildFile; fileRef = A6CB713A1C9644FF00F27D12 /* Main.storyboard */; };
		A6CB713C1C9644FF00F27D12 /* Main.storyboard in Resources */ = {isa = PBXBuildFile; fileRef = A6CB713A1C9644FF00F27D12 /* Main.storyboard */; };
		A6CB713D1C9644FF00F27D12 /* Main.storyboard in Resources */ = {isa = PBXBuildFile; fileRef = A6CB713A1C9644FF00F27D12 /* Main.storyboard */; };
		A6D58C351CE799FE00CA149C /* ReportingTestVC.swift in Sources */ = {isa = PBXBuildFile; fileRef = A6D58C341CE799FE00CA149C /* ReportingTestVC.swift */; };
		A6D58C361CE799FE00CA149C /* ReportingTestVC.swift in Sources */ = {isa = PBXBuildFile; fileRef = A6D58C341CE799FE00CA149C /* ReportingTestVC.swift */; };
		A6D58C371CE799FE00CA149C /* ReportingTestVC.swift in Sources */ = {isa = PBXBuildFile; fileRef = A6D58C341CE799FE00CA149C /* ReportingTestVC.swift */; };
		A6E6198C1CEA7F8D00FC091C /* TrailDetailsVC.swift in Sources */ = {isa = PBXBuildFile; fileRef = DAA24C921CDBC91E006AA0B9 /* TrailDetailsVC.swift */; };
		A6E6198D1CEA7F8E00FC091C /* TrailDetailsVC.swift in Sources */ = {isa = PBXBuildFile; fileRef = DAA24C921CDBC91E006AA0B9 /* TrailDetailsVC.swift */; };
		A6E6198E1CEA7F9300FC091C /* TrailListVC.swift in Sources */ = {isa = PBXBuildFile; fileRef = A619290A1C94912A00D8C945 /* TrailListVC.swift */; };
		A6E6198F1CEA7F9400FC091C /* TrailListVC.swift in Sources */ = {isa = PBXBuildFile; fileRef = A619290A1C94912A00D8C945 /* TrailListVC.swift */; };
		A6E619901CEA7FA000FC091C /* KennelMembersVC.swift in Sources */ = {isa = PBXBuildFile; fileRef = A6271D3B1CCFE5980060E8DB /* KennelMembersVC.swift */; };
		A6E619911CEA7FA100FC091C /* KennelMembersVC.swift in Sources */ = {isa = PBXBuildFile; fileRef = A6271D3B1CCFE5980060E8DB /* KennelMembersVC.swift */; };
		A6E619921CEA7FAF00FC091C /* HasherCell.swift in Sources */ = {isa = PBXBuildFile; fileRef = DAAE71581CB2FD2F00E2FBDC /* HasherCell.swift */; };
		A6E619931CEA7FAF00FC091C /* HasherCell.swift in Sources */ = {isa = PBXBuildFile; fileRef = DAAE71581CB2FD2F00E2FBDC /* HasherCell.swift */; };
		A6FB47591C9A0D2B00B370CD /* KennelListVC.swift in Sources */ = {isa = PBXBuildFile; fileRef = A6FB47581C9A0D2B00B370CD /* KennelListVC.swift */; };
		A6FB475A1C9A0D2B00B370CD /* KennelListVC.swift in Sources */ = {isa = PBXBuildFile; fileRef = A6FB47581C9A0D2B00B370CD /* KennelListVC.swift */; };
		A6FB475B1C9A0D2B00B370CD /* KennelListVC.swift in Sources */ = {isa = PBXBuildFile; fileRef = A6FB47581C9A0D2B00B370CD /* KennelListVC.swift */; };
		A6FB475D1C9A0D5700B370CD /* KennelData.swift in Sources */ = {isa = PBXBuildFile; fileRef = A6FB475C1C9A0D5700B370CD /* KennelData.swift */; };
		A6FB475E1C9A0D5700B370CD /* KennelData.swift in Sources */ = {isa = PBXBuildFile; fileRef = A6FB475C1C9A0D5700B370CD /* KennelData.swift */; };
		A6FB475F1C9A0D5700B370CD /* KennelData.swift in Sources */ = {isa = PBXBuildFile; fileRef = A6FB475C1C9A0D5700B370CD /* KennelData.swift */; };
		A6FB47611C9A0E0A00B370CD /* KennelCell.swift in Sources */ = {isa = PBXBuildFile; fileRef = A6FB47601C9A0E0A00B370CD /* KennelCell.swift */; };
		A6FB47621C9A0E0A00B370CD /* KennelCell.swift in Sources */ = {isa = PBXBuildFile; fileRef = A6FB47601C9A0E0A00B370CD /* KennelCell.swift */; };
		A6FB47631C9A0E0A00B370CD /* KennelCell.swift in Sources */ = {isa = PBXBuildFile; fileRef = A6FB47601C9A0E0A00B370CD /* KennelCell.swift */; };
		DA15804C1C974C780042614A /* HasherData.swift in Sources */ = {isa = PBXBuildFile; fileRef = DAD2CF9E1C95F9960048C2C8 /* HasherData.swift */; };
		DA15804D1C974C790042614A /* HasherData.swift in Sources */ = {isa = PBXBuildFile; fileRef = DAD2CF9E1C95F9960048C2C8 /* HasherData.swift */; };
		DA5E78191C975A2A003A0E01 /* HasherDataVC.swift in Sources */ = {isa = PBXBuildFile; fileRef = A619290C1C94912A00D8C945 /* HasherDataVC.swift */; };
		DA5E781A1C975A2B003A0E01 /* HasherDataVC.swift in Sources */ = {isa = PBXBuildFile; fileRef = A619290C1C94912A00D8C945 /* HasherDataVC.swift */; };
		DAA24C931CDBC91E006AA0B9 /* TrailDetailsVC.swift in Sources */ = {isa = PBXBuildFile; fileRef = DAA24C921CDBC91E006AA0B9 /* TrailDetailsVC.swift */; };
		DAAE71591CB2FD2F00E2FBDC /* HasherCell.swift in Sources */ = {isa = PBXBuildFile; fileRef = DAAE71581CB2FD2F00E2FBDC /* HasherCell.swift */; };
		DAD2CF9F1C95F9960048C2C8 /* HasherData.swift in Sources */ = {isa = PBXBuildFile; fileRef = DAD2CF9E1C95F9960048C2C8 /* HasherData.swift */; };
/* End PBXBuildFile section */

/* Begin PBXContainerItemProxy section */
		A619291C1C94912A00D8C945 /* PBXContainerItemProxy */ = {
			isa = PBXContainerItemProxy;
			containerPortal = A61928FD1C94912A00D8C945 /* Project object */;
			proxyType = 1;
			remoteGlobalIDString = A61929041C94912A00D8C945;
			remoteInfo = "Hash Me";
		};
		A61929271C94912A00D8C945 /* PBXContainerItemProxy */ = {
			isa = PBXContainerItemProxy;
			containerPortal = A61928FD1C94912A00D8C945 /* Project object */;
			proxyType = 1;
			remoteGlobalIDString = A61929041C94912A00D8C945;
			remoteInfo = "Hash Me";
		};
/* End PBXContainerItemProxy section */

/* Begin PBXFileReference section */
		52927BA7EB0468E45C3E7B38 /* Pods.debug.xcconfig */ = {isa = PBXFileReference; includeInIndex = 1; lastKnownFileType = text.xcconfig; name = Pods.debug.xcconfig; path = "Pods/Target Support Files/Pods/Pods.debug.xcconfig"; sourceTree = "<group>"; };
		95A7A265369CD9D77AD603C0 /* Pods.release.xcconfig */ = {isa = PBXFileReference; includeInIndex = 1; lastKnownFileType = text.xcconfig; name = Pods.release.xcconfig; path = "Pods/Target Support Files/Pods/Pods.release.xcconfig"; sourceTree = "<group>"; };
		A60007AA1CBEE3620040F15A /* KennelPickerVC.swift */ = {isa = PBXFileReference; fileEncoding = 4; lastKnownFileType = sourcecode.swift; path = KennelPickerVC.swift; sourceTree = "<group>"; };
		A61929051C94912A00D8C945 /* Hash Me.app */ = {isa = PBXFileReference; explicitFileType = wrapper.application; includeInIndex = 0; path = "Hash Me.app"; sourceTree = BUILT_PRODUCTS_DIR; };
		A61929081C94912A00D8C945 /* AppDelegate.swift */ = {isa = PBXFileReference; lastKnownFileType = sourcecode.swift; path = AppDelegate.swift; sourceTree = "<group>"; };
		A619290A1C94912A00D8C945 /* TrailListVC.swift */ = {isa = PBXFileReference; lastKnownFileType = sourcecode.swift; path = TrailListVC.swift; sourceTree = "<group>"; };
		A619290C1C94912A00D8C945 /* HasherDataVC.swift */ = {isa = PBXFileReference; lastKnownFileType = sourcecode.swift; path = HasherDataVC.swift; sourceTree = "<group>"; };
		A61929111C94912A00D8C945 /* Assets.xcassets */ = {isa = PBXFileReference; lastKnownFileType = folder.assetcatalog; path = Assets.xcassets; sourceTree = "<group>"; };
		A61929141C94912A00D8C945 /* Base */ = {isa = PBXFileReference; lastKnownFileType = file.storyboard; name = Base; path = Base.lproj/LaunchScreen.storyboard; sourceTree = "<group>"; };
		A61929161C94912A00D8C945 /* Info.plist */ = {isa = PBXFileReference; lastKnownFileType = text.plist.xml; path = Info.plist; sourceTree = "<group>"; };
		A619291B1C94912A00D8C945 /* Hash MeTests.xctest */ = {isa = PBXFileReference; explicitFileType = wrapper.cfbundle; includeInIndex = 0; path = "Hash MeTests.xctest"; sourceTree = BUILT_PRODUCTS_DIR; };
		A619291F1C94912A00D8C945 /* Hash_MeTests.swift */ = {isa = PBXFileReference; lastKnownFileType = sourcecode.swift; path = Hash_MeTests.swift; sourceTree = "<group>"; };
		A61929211C94912A00D8C945 /* Info.plist */ = {isa = PBXFileReference; lastKnownFileType = text.plist.xml; path = Info.plist; sourceTree = "<group>"; };
		A61929261C94912A00D8C945 /* Hash MeUITests.xctest */ = {isa = PBXFileReference; explicitFileType = wrapper.cfbundle; includeInIndex = 0; path = "Hash MeUITests.xctest"; sourceTree = BUILT_PRODUCTS_DIR; };
		A619292A1C94912A00D8C945 /* Hash_MeUITests.swift */ = {isa = PBXFileReference; lastKnownFileType = sourcecode.swift; path = Hash_MeUITests.swift; sourceTree = "<group>"; };
		A619292C1C94912A00D8C945 /* Info.plist */ = {isa = PBXFileReference; lastKnownFileType = text.plist.xml; path = Info.plist; sourceTree = "<group>"; };
		A6271D3B1CCFE5980060E8DB /* KennelMembersVC.swift */ = {isa = PBXFileReference; fileEncoding = 4; lastKnownFileType = sourcecode.swift; path = KennelMembersVC.swift; sourceTree = "<group>"; };
		A6271D3D1CCFE7680060E8DB /* KennelMemberCell.swift */ = {isa = PBXFileReference; fileEncoding = 4; lastKnownFileType = sourcecode.swift; path = KennelMemberCell.swift; sourceTree = "<group>"; };
		A63CA2C41CD93F360081F9E5 /* EditMismanVC.swift */ = {isa = PBXFileReference; fileEncoding = 4; lastKnownFileType = sourcecode.swift; path = EditMismanVC.swift; sourceTree = "<group>"; };
		A64554E21C975BC60016373E /* AddNewTrailVC.swift */ = {isa = PBXFileReference; fileEncoding = 4; lastKnownFileType = sourcecode.swift; path = AddNewTrailVC.swift; sourceTree = "<group>"; };
		A6477B281CDCD33C00194752 /* TrailMapAnno.swift */ = {isa = PBXFileReference; fileEncoding = 4; lastKnownFileType = sourcecode.swift; path = TrailMapAnno.swift; sourceTree = "<group>"; };
		A6477B2C1CDCD36300194752 /* KennelMapAnno.swift */ = {isa = PBXFileReference; fileEncoding = 4; lastKnownFileType = sourcecode.swift; path = KennelMapAnno.swift; sourceTree = "<group>"; };
		A6764AC31CCA5DEE00E376F0 /* KennelTrailsCell.swift */ = {isa = PBXFileReference; fileEncoding = 4; lastKnownFileType = sourcecode.swift; path = KennelTrailsCell.swift; sourceTree = "<group>"; };
		A6764AC71CCAB28900E376F0 /* MapAddressVC.swift */ = {isa = PBXFileReference; fileEncoding = 4; indentWidth = 3; lastKnownFileType = sourcecode.swift; path = MapAddressVC.swift; sourceTree = "<group>"; };
		A6764ACB1CCBD72600E376F0 /* EditKennelVC.swift */ = {isa = PBXFileReference; fileEncoding = 4; lastKnownFileType = sourcecode.swift; path = EditKennelVC.swift; sourceTree = "<group>"; };
		A67F77F81CCC29FF0020554C /* MapKit.framework */ = {isa = PBXFileReference; lastKnownFileType = wrapper.framework; name = MapKit.framework; path = System/Library/Frameworks/MapKit.framework; sourceTree = SDKROOT; };
		A68864C51CE3A8D900F94A46 /* HashMeButton.swift */ = {isa = PBXFileReference; fileEncoding = 4; lastKnownFileType = sourcecode.swift; path = HashMeButton.swift; sourceTree = "<group>"; };
		A68864C91CE3A97400F94A46 /* HashMeTextField.swift */ = {isa = PBXFileReference; fileEncoding = 4; lastKnownFileType = sourcecode.swift; path = HashMeTextField.swift; sourceTree = "<group>"; };
		A68864CD1CE3A9A500F94A46 /* HashMeView.swift */ = {isa = PBXFileReference; fileEncoding = 4; lastKnownFileType = sourcecode.swift; path = HashMeView.swift; sourceTree = "<group>"; };
		A68864D21CE3AFDE00F94A46 /* ClaimHashIdVC.swift */ = {isa = PBXFileReference; fileEncoding = 4; lastKnownFileType = sourcecode.swift; path = ClaimHashIdVC.swift; sourceTree = "<group>"; };
		A6A0E3D51C9496A00003EE0E /* DataService.swift */ = {isa = PBXFileReference; fileEncoding = 4; lastKnownFileType = sourcecode.swift; path = DataService.swift; sourceTree = "<group>"; };
		A6A0E3DD1C94A08D0003EE0E /* FBSDKCoreKit.framework */ = {isa = PBXFileReference; lastKnownFileType = wrapper.framework; path = FBSDKCoreKit.framework; sourceTree = "<group>"; };
		A6A0E3DE1C94A08D0003EE0E /* FBSDKLoginKit.framework */ = {isa = PBXFileReference; lastKnownFileType = wrapper.framework; path = FBSDKLoginKit.framework; sourceTree = "<group>"; };
		A6A0E3DF1C94A08D0003EE0E /* FBSDKShareKit.framework */ = {isa = PBXFileReference; lastKnownFileType = wrapper.framework; path = FBSDKShareKit.framework; sourceTree = "<group>"; };
		A6A0E3E91C94A4650003EE0E /* LoginScreenVC.swift */ = {isa = PBXFileReference; fileEncoding = 4; lastKnownFileType = sourcecode.swift; path = LoginScreenVC.swift; sourceTree = "<group>"; };
		A6A0E3ED1C94AAB40003EE0E /* Constants.swift */ = {isa = PBXFileReference; fileEncoding = 4; lastKnownFileType = sourcecode.swift; path = Constants.swift; sourceTree = "<group>"; };
		A6A3494F1CB92E5900B919D8 /* ManageKennelVC.swift */ = {isa = PBXFileReference; fileEncoding = 4; lastKnownFileType = sourcecode.swift; path = ManageKennelVC.swift; sourceTree = "<group>"; };
		A6B22DE81CC6CDDB00A4F389 /* HasherPickerVC.swift */ = {isa = PBXFileReference; fileEncoding = 4; lastKnownFileType = sourcecode.swift; path = HasherPickerVC.swift; sourceTree = "<group>"; };
		A6B22DEC1CC7FFC000A4F389 /* HareCell.swift */ = {isa = PBXFileReference; fileEncoding = 4; lastKnownFileType = sourcecode.swift; path = HareCell.swift; sourceTree = "<group>"; };
		A6B22DF01CC9016A00A4F389 /* KennelPickerTableVC.swift */ = {isa = PBXFileReference; fileEncoding = 4; lastKnownFileType = sourcecode.swift; path = KennelPickerTableVC.swift; sourceTree = "<group>"; };
		A6B22DF41CC9018100A4F389 /* KennelPickerTableCell.swift */ = {isa = PBXFileReference; fileEncoding = 4; lastKnownFileType = sourcecode.swift; path = KennelPickerTableCell.swift; sourceTree = "<group>"; };
		A6B22DF81CC9019C00A4F389 /* HasherPickerTableCell.swift */ = {isa = PBXFileReference; fileEncoding = 4; lastKnownFileType = sourcecode.swift; path = HasherPickerTableCell.swift; sourceTree = "<group>"; };
		A6B22DFC1CC901B400A4F389 /* HasherPickerTableVC.swift */ = {isa = PBXFileReference; fileEncoding = 4; lastKnownFileType = sourcecode.swift; path = HasherPickerTableVC.swift; sourceTree = "<group>"; };
		A6BA76601CBBE58600D29C66 /* AttendeeCell.swift */ = {isa = PBXFileReference; fileEncoding = 4; lastKnownFileType = sourcecode.swift; path = AttendeeCell.swift; sourceTree = "<group>"; };
		A6BA76641CBBF32A00D29C66 /* AttendeeDetailsVC.swift */ = {isa = PBXFileReference; fileEncoding = 4; lastKnownFileType = sourcecode.swift; path = AttendeeDetailsVC.swift; sourceTree = "<group>"; };
		A6BBA7AE1C9524690030DB53 /* TrailCell.swift */ = {isa = PBXFileReference; fileEncoding = 4; lastKnownFileType = sourcecode.swift; path = TrailCell.swift; sourceTree = "<group>"; };
		A6BBA7B21C9525560030DB53 /* TrailData.swift */ = {isa = PBXFileReference; fileEncoding = 4; lastKnownFileType = sourcecode.swift; path = TrailData.swift; sourceTree = "<group>"; };
		A6C7AEE51CA33D5E0080814C /* AttendeeData.swift */ = {isa = PBXFileReference; fileEncoding = 4; lastKnownFileType = sourcecode.swift; path = AttendeeData.swift; sourceTree = "<group>"; };
		A6CB71361C96210600F27D12 /* ManageTrailVC.swift */ = {isa = PBXFileReference; fileEncoding = 4; lastKnownFileType = sourcecode.swift; path = ManageTrailVC.swift; sourceTree = "<group>"; };
		A6CB713A1C9644FF00F27D12 /* Main.storyboard */ = {isa = PBXFileReference; fileEncoding = 4; lastKnownFileType = file.storyboard; path = Main.storyboard; sourceTree = "<group>"; };
		A6D58C341CE799FE00CA149C /* ReportingTestVC.swift */ = {isa = PBXFileReference; fileEncoding = 4; lastKnownFileType = sourcecode.swift; path = ReportingTestVC.swift; sourceTree = "<group>"; };
		A6FB47581C9A0D2B00B370CD /* KennelListVC.swift */ = {isa = PBXFileReference; fileEncoding = 4; lastKnownFileType = sourcecode.swift; path = KennelListVC.swift; sourceTree = "<group>"; };
		A6FB475C1C9A0D5700B370CD /* KennelData.swift */ = {isa = PBXFileReference; fileEncoding = 4; lastKnownFileType = sourcecode.swift; path = KennelData.swift; sourceTree = "<group>"; };
		A6FB47601C9A0E0A00B370CD /* KennelCell.swift */ = {isa = PBXFileReference; fileEncoding = 4; lastKnownFileType = sourcecode.swift; path = KennelCell.swift; sourceTree = "<group>"; };
		BF5100A58A6D9E427296C7F2 /* Pods.framework */ = {isa = PBXFileReference; explicitFileType = wrapper.framework; includeInIndex = 0; path = Pods.framework; sourceTree = BUILT_PRODUCTS_DIR; };
		DAA24C921CDBC91E006AA0B9 /* TrailDetailsVC.swift */ = {isa = PBXFileReference; fileEncoding = 4; lastKnownFileType = sourcecode.swift; path = TrailDetailsVC.swift; sourceTree = "<group>"; };
		DAAE71581CB2FD2F00E2FBDC /* HasherCell.swift */ = {isa = PBXFileReference; fileEncoding = 4; lastKnownFileType = sourcecode.swift; path = HasherCell.swift; sourceTree = "<group>"; };
		DAD2CF9E1C95F9960048C2C8 /* HasherData.swift */ = {isa = PBXFileReference; fileEncoding = 4; lastKnownFileType = sourcecode.swift; path = HasherData.swift; sourceTree = "<group>"; };
/* End PBXFileReference section */

/* Begin PBXFrameworksBuildPhase section */
		A61929021C94912A00D8C945 /* Frameworks */ = {
			isa = PBXFrameworksBuildPhase;
			buildActionMask = 2147483647;
			files = (
				A6A0E3E61C94A08D0003EE0E /* FBSDKShareKit.framework in Frameworks */,
				47A685478A602CA8B763154C /* Pods.framework in Frameworks */,
				A67F77F91CCC29FF0020554C /* MapKit.framework in Frameworks */,
				A6A0E3E01C94A08D0003EE0E /* FBSDKCoreKit.framework in Frameworks */,
				A6A0E3E31C94A08D0003EE0E /* FBSDKLoginKit.framework in Frameworks */,
			);
			runOnlyForDeploymentPostprocessing = 0;
		};
		A61929181C94912A00D8C945 /* Frameworks */ = {
			isa = PBXFrameworksBuildPhase;
			buildActionMask = 2147483647;
			files = (
				A6A0E3E41C94A08D0003EE0E /* FBSDKLoginKit.framework in Frameworks */,
				A6A0E3E11C94A08D0003EE0E /* FBSDKCoreKit.framework in Frameworks */,
				A6A0E3E71C94A08D0003EE0E /* FBSDKShareKit.framework in Frameworks */,
			);
			runOnlyForDeploymentPostprocessing = 0;
		};
		A61929231C94912A00D8C945 /* Frameworks */ = {
			isa = PBXFrameworksBuildPhase;
			buildActionMask = 2147483647;
			files = (
				A6A0E3E51C94A08D0003EE0E /* FBSDKLoginKit.framework in Frameworks */,
				A6A0E3E21C94A08D0003EE0E /* FBSDKCoreKit.framework in Frameworks */,
				A6A0E3E81C94A08D0003EE0E /* FBSDKShareKit.framework in Frameworks */,
			);
			runOnlyForDeploymentPostprocessing = 0;
		};
/* End PBXFrameworksBuildPhase section */

/* Begin PBXGroup section */
		1045C5914488D847D37221C7 /* Frameworks */ = {
			isa = PBXGroup;
			children = (
				A67F77F81CCC29FF0020554C /* MapKit.framework */,
				A6A0E3DD1C94A08D0003EE0E /* FBSDKCoreKit.framework */,
				A6A0E3DE1C94A08D0003EE0E /* FBSDKLoginKit.framework */,
				A6A0E3DF1C94A08D0003EE0E /* FBSDKShareKit.framework */,
				BF5100A58A6D9E427296C7F2 /* Pods.framework */,
			);
			name = Frameworks;
			sourceTree = "<group>";
		};
		235E276FD1DE4F02E840F432 /* Pods */ = {
			isa = PBXGroup;
			children = (
				52927BA7EB0468E45C3E7B38 /* Pods.debug.xcconfig */,
				95A7A265369CD9D77AD603C0 /* Pods.release.xcconfig */,
			);
			name = Pods;
			sourceTree = "<group>";
		};
		A61928FC1C94912A00D8C945 = {
			isa = PBXGroup;
			children = (
				A61929071C94912A00D8C945 /* Hash Me */,
				A619291E1C94912A00D8C945 /* Hash MeTests */,
				A61929291C94912A00D8C945 /* Hash MeUITests */,
				A61929061C94912A00D8C945 /* Products */,
				235E276FD1DE4F02E840F432 /* Pods */,
				1045C5914488D847D37221C7 /* Frameworks */,
			);
			sourceTree = "<group>";
		};
		A61929061C94912A00D8C945 /* Products */ = {
			isa = PBXGroup;
			children = (
				A61929051C94912A00D8C945 /* Hash Me.app */,
				A619291B1C94912A00D8C945 /* Hash MeTests.xctest */,
				A61929261C94912A00D8C945 /* Hash MeUITests.xctest */,
			);
			name = Products;
			sourceTree = "<group>";
		};
		A61929071C94912A00D8C945 /* Hash Me */ = {
			isa = PBXGroup;
			children = (
				A619293B1C94915B00D8C945 /* Resources */,
				A619293A1C94915600D8C945 /* Model */,
				A61929391C94915200D8C945 /* View */,
				A61929381C94914B00D8C945 /* Controller */,
				A6CB713A1C9644FF00F27D12 /* Main.storyboard */,
				A61929111C94912A00D8C945 /* Assets.xcassets */,
				A61929131C94912A00D8C945 /* LaunchScreen.storyboard */,
				A61929161C94912A00D8C945 /* Info.plist */,
				A61929081C94912A00D8C945 /* AppDelegate.swift */,
			);
			path = "Hash Me";
			sourceTree = "<group>";
		};
		A619291E1C94912A00D8C945 /* Hash MeTests */ = {
			isa = PBXGroup;
			children = (
				A619291F1C94912A00D8C945 /* Hash_MeTests.swift */,
				A61929211C94912A00D8C945 /* Info.plist */,
			);
			path = "Hash MeTests";
			sourceTree = "<group>";
		};
		A61929291C94912A00D8C945 /* Hash MeUITests */ = {
			isa = PBXGroup;
			children = (
				A619292A1C94912A00D8C945 /* Hash_MeUITests.swift */,
				A619292C1C94912A00D8C945 /* Info.plist */,
			);
			path = "Hash MeUITests";
			sourceTree = "<group>";
		};
		A61929381C94914B00D8C945 /* Controller */ = {
			isa = PBXGroup;
			children = (
				A6A0E3E91C94A4650003EE0E /* LoginScreenVC.swift */,
				A68864D21CE3AFDE00F94A46 /* ClaimHashIdVC.swift */,
				A619290C1C94912A00D8C945 /* HasherDataVC.swift */,
				A6764AC71CCAB28900E376F0 /* MapAddressVC.swift */,
				A6D58C341CE799FE00CA149C /* ReportingTestVC.swift */,
				A6764AD01CCC0F0500E376F0 /* Kennels */,
				A6764ACF1CCC0EEC00E376F0 /* Trails */,
				A6764AD11CCC0F0F00E376F0 /* Support */,
			);
			name = Controller;
			sourceTree = "<group>";
		};
		A61929391C94915200D8C945 /* View */ = {
			isa = PBXGroup;
			children = (
				A6BBA7AE1C9524690030DB53 /* TrailCell.swift */,
				A6FB47601C9A0E0A00B370CD /* KennelCell.swift */,
				DAAE71581CB2FD2F00E2FBDC /* HasherCell.swift */,
				A6BA76601CBBE58600D29C66 /* AttendeeCell.swift */,
				A6B22DEC1CC7FFC000A4F389 /* HareCell.swift */,
				A6B22DF41CC9018100A4F389 /* KennelPickerTableCell.swift */,
				A6B22DF81CC9019C00A4F389 /* HasherPickerTableCell.swift */,
				A6764AC31CCA5DEE00E376F0 /* KennelTrailsCell.swift */,
				A6271D3D1CCFE7680060E8DB /* KennelMemberCell.swift */,
				A68864D11CE3A9B600F94A46 /* Style Docs */,
			);
			name = View;
			sourceTree = "<group>";
		};
		A619293A1C94915600D8C945 /* Model */ = {
			isa = PBXGroup;
			children = (
				A6BBA7B21C9525560030DB53 /* TrailData.swift */,
				DAD2CF9E1C95F9960048C2C8 /* HasherData.swift */,
				A6FB475C1C9A0D5700B370CD /* KennelData.swift */,
				A6C7AEE51CA33D5E0080814C /* AttendeeData.swift */,
			);
			name = Model;
			sourceTree = "<group>";
		};
		A619293B1C94915B00D8C945 /* Resources */ = {
			isa = PBXGroup;
			children = (
				A6A0E3D51C9496A00003EE0E /* DataService.swift */,
				A6A0E3ED1C94AAB40003EE0E /* Constants.swift */,
				A6477B281CDCD33C00194752 /* TrailMapAnno.swift */,
				A6477B2C1CDCD36300194752 /* KennelMapAnno.swift */,
			);
			name = Resources;
			sourceTree = "<group>";
		};
		A6764ACF1CCC0EEC00E376F0 /* Trails */ = {
			isa = PBXGroup;
			children = (
				A619290A1C94912A00D8C945 /* TrailListVC.swift */,
				A64554E21C975BC60016373E /* AddNewTrailVC.swift */,
				A6CB71361C96210600F27D12 /* ManageTrailVC.swift */,
				DAA24C921CDBC91E006AA0B9 /* TrailDetailsVC.swift */,
				A6BA76641CBBF32A00D29C66 /* AttendeeDetailsVC.swift */,
			);
			name = Trails;
			sourceTree = "<group>";
		};
		A6764AD01CCC0F0500E376F0 /* Kennels */ = {
			isa = PBXGroup;
			children = (
				A6FB47581C9A0D2B00B370CD /* KennelListVC.swift */,
				A6A3494F1CB92E5900B919D8 /* ManageKennelVC.swift */,
				A6764ACB1CCBD72600E376F0 /* EditKennelVC.swift */,
				A6271D3B1CCFE5980060E8DB /* KennelMembersVC.swift */,
				A63CA2C41CD93F360081F9E5 /* EditMismanVC.swift */,
			);
			name = Kennels;
			sourceTree = "<group>";
		};
		A6764AD11CCC0F0F00E376F0 /* Support */ = {
			isa = PBXGroup;
			children = (
				A6B22DE81CC6CDDB00A4F389 /* HasherPickerVC.swift */,
				A60007AA1CBEE3620040F15A /* KennelPickerVC.swift */,
				A6B22DF01CC9016A00A4F389 /* KennelPickerTableVC.swift */,
				A6B22DFC1CC901B400A4F389 /* HasherPickerTableVC.swift */,
			);
			name = Support;
			sourceTree = "<group>";
		};
		A68864D11CE3A9B600F94A46 /* Style Docs */ = {
			isa = PBXGroup;
			children = (
				A68864C51CE3A8D900F94A46 /* HashMeButton.swift */,
				A68864C91CE3A97400F94A46 /* HashMeTextField.swift */,
				A68864CD1CE3A9A500F94A46 /* HashMeView.swift */,
			);
			name = "Style Docs";
			sourceTree = "<group>";
		};
/* End PBXGroup section */

/* Begin PBXNativeTarget section */
		A61929041C94912A00D8C945 /* Hash Me */ = {
			isa = PBXNativeTarget;
			buildConfigurationList = A619292F1C94912A00D8C945 /* Build configuration list for PBXNativeTarget "Hash Me" */;
			buildPhases = (
				C7842348671B071D56F96D0F /* Check Pods Manifest.lock */,
				A61929011C94912A00D8C945 /* Sources */,
				A61929021C94912A00D8C945 /* Frameworks */,
				A61929031C94912A00D8C945 /* Resources */,
				07E3C8D30B70D6159DCF44D9 /* Embed Pods Frameworks */,
				37AE627E344363C6F1B1A61A /* Copy Pods Resources */,
			);
			buildRules = (
			);
			dependencies = (
			);
			name = "Hash Me";
			productName = "Hash Me";
			productReference = A61929051C94912A00D8C945 /* Hash Me.app */;
			productType = "com.apple.product-type.application";
		};
		A619291A1C94912A00D8C945 /* Hash MeTests */ = {
			isa = PBXNativeTarget;
			buildConfigurationList = A61929321C94912A00D8C945 /* Build configuration list for PBXNativeTarget "Hash MeTests" */;
			buildPhases = (
				A61929171C94912A00D8C945 /* Sources */,
				A61929181C94912A00D8C945 /* Frameworks */,
				A61929191C94912A00D8C945 /* Resources */,
			);
			buildRules = (
			);
			dependencies = (
				A619291D1C94912A00D8C945 /* PBXTargetDependency */,
			);
			name = "Hash MeTests";
			productName = "Hash MeTests";
			productReference = A619291B1C94912A00D8C945 /* Hash MeTests.xctest */;
			productType = "com.apple.product-type.bundle.unit-test";
		};
		A61929251C94912A00D8C945 /* Hash MeUITests */ = {
			isa = PBXNativeTarget;
			buildConfigurationList = A61929351C94912A00D8C945 /* Build configuration list for PBXNativeTarget "Hash MeUITests" */;
			buildPhases = (
				A61929221C94912A00D8C945 /* Sources */,
				A61929231C94912A00D8C945 /* Frameworks */,
				A61929241C94912A00D8C945 /* Resources */,
			);
			buildRules = (
			);
			dependencies = (
				A61929281C94912A00D8C945 /* PBXTargetDependency */,
			);
			name = "Hash MeUITests";
			productName = "Hash MeUITests";
			productReference = A61929261C94912A00D8C945 /* Hash MeUITests.xctest */;
			productType = "com.apple.product-type.bundle.ui-testing";
		};
/* End PBXNativeTarget section */

/* Begin PBXProject section */
		A61928FD1C94912A00D8C945 /* Project object */ = {
			isa = PBXProject;
			attributes = {
				LastSwiftUpdateCheck = 0720;
				LastUpgradeCheck = 0730;
				ORGANIZATIONNAME = "Eric Klose";
				TargetAttributes = {
					A61929041C94912A00D8C945 = {
						CreatedOnToolsVersion = 7.2.1;
						DevelopmentTeam = W7W8PTYZHX;
						SystemCapabilities = {
							com.apple.Maps.iOS = {
								enabled = 1;
							};
						};
					};
					A619291A1C94912A00D8C945 = {
						CreatedOnToolsVersion = 7.2.1;
						DevelopmentTeam = W7W8PTYZHX;
						TestTargetID = A61929041C94912A00D8C945;
					};
					A61929251C94912A00D8C945 = {
						CreatedOnToolsVersion = 7.2.1;
						DevelopmentTeam = W7W8PTYZHX;
						TestTargetID = A61929041C94912A00D8C945;
					};
				};
			};
			buildConfigurationList = A61929001C94912A00D8C945 /* Build configuration list for PBXProject "Hash Me" */;
			compatibilityVersion = "Xcode 3.2";
			developmentRegion = English;
			hasScannedForEncodings = 0;
			knownRegions = (
				en,
				Base,
			);
			mainGroup = A61928FC1C94912A00D8C945;
			productRefGroup = A61929061C94912A00D8C945 /* Products */;
			projectDirPath = "";
			projectRoot = "";
			targets = (
				A61929041C94912A00D8C945 /* Hash Me */,
				A619291A1C94912A00D8C945 /* Hash MeTests */,
				A61929251C94912A00D8C945 /* Hash MeUITests */,
			);
		};
/* End PBXProject section */

/* Begin PBXResourcesBuildPhase section */
		A61929031C94912A00D8C945 /* Resources */ = {
			isa = PBXResourcesBuildPhase;
			buildActionMask = 2147483647;
			files = (
				A6CB713B1C9644FF00F27D12 /* Main.storyboard in Resources */,
				A61929151C94912A00D8C945 /* LaunchScreen.storyboard in Resources */,
				A61929121C94912A00D8C945 /* Assets.xcassets in Resources */,
			);
			runOnlyForDeploymentPostprocessing = 0;
		};
		A61929191C94912A00D8C945 /* Resources */ = {
			isa = PBXResourcesBuildPhase;
			buildActionMask = 2147483647;
			files = (
				A6188D671C9A175F00BAE354 /* Info.plist in Resources */,
				A6188D641C9A175800BAE354 /* LaunchScreen.storyboard in Resources */,
				A6188D621C9A175300BAE354 /* Assets.xcassets in Resources */,
				A6CB713C1C9644FF00F27D12 /* Main.storyboard in Resources */,
			);
			runOnlyForDeploymentPostprocessing = 0;
		};
		A61929241C94912A00D8C945 /* Resources */ = {
			isa = PBXResourcesBuildPhase;
			buildActionMask = 2147483647;
			files = (
				A6188D681C9A176000BAE354 /* Info.plist in Resources */,
				A6188D651C9A175A00BAE354 /* LaunchScreen.storyboard in Resources */,
				A6188D631C9A175300BAE354 /* Assets.xcassets in Resources */,
				A6CB713D1C9644FF00F27D12 /* Main.storyboard in Resources */,
			);
			runOnlyForDeploymentPostprocessing = 0;
		};
/* End PBXResourcesBuildPhase section */

/* Begin PBXShellScriptBuildPhase section */
		07E3C8D30B70D6159DCF44D9 /* Embed Pods Frameworks */ = {
			isa = PBXShellScriptBuildPhase;
			buildActionMask = 2147483647;
			files = (
			);
			inputPaths = (
			);
			name = "Embed Pods Frameworks";
			outputPaths = (
			);
			runOnlyForDeploymentPostprocessing = 0;
			shellPath = /bin/sh;
			shellScript = "\"${SRCROOT}/Pods/Target Support Files/Pods/Pods-frameworks.sh\"\n";
			showEnvVarsInLog = 0;
		};
		37AE627E344363C6F1B1A61A /* Copy Pods Resources */ = {
			isa = PBXShellScriptBuildPhase;
			buildActionMask = 2147483647;
			files = (
			);
			inputPaths = (
			);
			name = "Copy Pods Resources";
			outputPaths = (
			);
			runOnlyForDeploymentPostprocessing = 0;
			shellPath = /bin/sh;
			shellScript = "\"${SRCROOT}/Pods/Target Support Files/Pods/Pods-resources.sh\"\n";
			showEnvVarsInLog = 0;
		};
		C7842348671B071D56F96D0F /* Check Pods Manifest.lock */ = {
			isa = PBXShellScriptBuildPhase;
			buildActionMask = 2147483647;
			files = (
			);
			inputPaths = (
			);
			name = "Check Pods Manifest.lock";
			outputPaths = (
			);
			runOnlyForDeploymentPostprocessing = 0;
			shellPath = /bin/sh;
			shellScript = "diff \"${PODS_ROOT}/../Podfile.lock\" \"${PODS_ROOT}/Manifest.lock\" > /dev/null\nif [[ $? != 0 ]] ; then\n    cat << EOM\nerror: The sandbox is not in sync with the Podfile.lock. Run 'pod install' or update your CocoaPods installation.\nEOM\n    exit 1\nfi\n";
			showEnvVarsInLog = 0;
		};
/* End PBXShellScriptBuildPhase section */

/* Begin PBXSourcesBuildPhase section */
		A61929011C94912A00D8C945 /* Sources */ = {
			isa = PBXSourcesBuildPhase;
			buildActionMask = 2147483647;
			files = (
				A6BBA7B31C9525560030DB53 /* TrailData.swift in Sources */,
				A6BA76611CBBE58600D29C66 /* AttendeeCell.swift in Sources */,
				A6C7AEE61CA33D5E0080814C /* AttendeeData.swift in Sources */,
				A6D58C351CE799FE00CA149C /* ReportingTestVC.swift in Sources */,
				A6FB47591C9A0D2B00B370CD /* KennelListVC.swift in Sources */,
				A60007AB1CBEE3620040F15A /* KennelPickerVC.swift in Sources */,
				A6477B2D1CDCD36300194752 /* KennelMapAnno.swift in Sources */,
				A6B22DF51CC9018100A4F389 /* KennelPickerTableCell.swift in Sources */,
				A68864C61CE3A8D900F94A46 /* HashMeButton.swift in Sources */,
				A6B22DE91CC6CDDB00A4F389 /* HasherPickerVC.swift in Sources */,
				DAD2CF9F1C95F9960048C2C8 /* HasherData.swift in Sources */,
				A6CB71371C96210600F27D12 /* ManageTrailVC.swift in Sources */,
				A6B22DF11CC9016A00A4F389 /* KennelPickerTableVC.swift in Sources */,
				A6BBA7AF1C9524690030DB53 /* TrailCell.swift in Sources */,
				A6764ACC1CCBD72600E376F0 /* EditKennelVC.swift in Sources */,
				A6A0E3EA1C94A4650003EE0E /* LoginScreenVC.swift in Sources */,
				A619290D1C94912A00D8C945 /* HasherDataVC.swift in Sources */,
				A61929091C94912A00D8C945 /* AppDelegate.swift in Sources */,
				A6764AC81CCAB28900E376F0 /* MapAddressVC.swift in Sources */,
				A68864CE1CE3A9A500F94A46 /* HashMeView.swift in Sources */,
				A6FB47611C9A0E0A00B370CD /* KennelCell.swift in Sources */,
				A6271D3C1CCFE5980060E8DB /* KennelMembersVC.swift in Sources */,
				A619290B1C94912A00D8C945 /* TrailListVC.swift in Sources */,
				A68864D31CE3AFDE00F94A46 /* ClaimHashIdVC.swift in Sources */,
				A6A349501CB92E5900B919D8 /* ManageKennelVC.swift in Sources */,
				A6B22DED1CC7FFC000A4F389 /* HareCell.swift in Sources */,
				A68864CA1CE3A97400F94A46 /* HashMeTextField.swift in Sources */,
				DAA24C931CDBC91E006AA0B9 /* TrailDetailsVC.swift in Sources */,
				A6A0E3D61C9496A00003EE0E /* DataService.swift in Sources */,
				A64554E31C975BC60016373E /* AddNewTrailVC.swift in Sources */,
				A6271D3E1CCFE7680060E8DB /* KennelMemberCell.swift in Sources */,
				A6764AC41CCA5DEE00E376F0 /* KennelTrailsCell.swift in Sources */,
				A6A0E3EE1C94AAB40003EE0E /* Constants.swift in Sources */,
				DAAE71591CB2FD2F00E2FBDC /* HasherCell.swift in Sources */,
				A63CA2C51CD93F360081F9E5 /* EditMismanVC.swift in Sources */,
				A6FB475D1C9A0D5700B370CD /* KennelData.swift in Sources */,
				A6477B291CDCD33C00194752 /* TrailMapAnno.swift in Sources */,
				A6B22DFD1CC901B400A4F389 /* HasherPickerTableVC.swift in Sources */,
				A6BA76651CBBF32A00D29C66 /* AttendeeDetailsVC.swift in Sources */,
				A6B22DF91CC9019C00A4F389 /* HasherPickerTableCell.swift in Sources */,
			);
			runOnlyForDeploymentPostprocessing = 0;
		};
		A61929171C94912A00D8C945 /* Sources */ = {
			isa = PBXSourcesBuildPhase;
			buildActionMask = 2147483647;
			files = (
				A6B22DFE1CC901B400A4F389 /* HasherPickerTableVC.swift in Sources */,
				A6D58C361CE799FE00CA149C /* ReportingTestVC.swift in Sources */,
				A6764AC91CCAB28900E376F0 /* MapAddressVC.swift in Sources */,
				A6477B2E1CDCD36300194752 /* KennelMapAnno.swift in Sources */,
				A6E6198E1CEA7F9300FC091C /* TrailListVC.swift in Sources */,
				A6FB47621C9A0E0A00B370CD /* KennelCell.swift in Sources */,
				A68864C71CE3A8D900F94A46 /* HashMeButton.swift in Sources */,
				A63CA2C61CD93F360081F9E5 /* EditMismanVC.swift in Sources */,
				A6B22DF61CC9018100A4F389 /* KennelPickerTableCell.swift in Sources */,
				A6E619911CEA7FA100FC091C /* KennelMembersVC.swift in Sources */,
				A6E6198D1CEA7F8E00FC091C /* TrailDetailsVC.swift in Sources */,
				A6C7AEE71CA33D5E0080814C /* AttendeeData.swift in Sources */,
				A6764ACD1CCBD72600E376F0 /* EditKennelVC.swift in Sources */,
				A6A349511CB92E5900B919D8 /* ManageKennelVC.swift in Sources */,
				A6A0E3EB1C94A4650003EE0E /* LoginScreenVC.swift in Sources */,
				DA15804C1C974C780042614A /* HasherData.swift in Sources */,
				A6B22DEE1CC7FFC000A4F389 /* HareCell.swift in Sources */,
				A6BA76621CBBE58600D29C66 /* AttendeeCell.swift in Sources */,
				A68864CF1CE3A9A500F94A46 /* HashMeView.swift in Sources */,
				A6188D601C9A174600BAE354 /* AppDelegate.swift in Sources */,
				A6BA76661CBBF32A00D29C66 /* AttendeeDetailsVC.swift in Sources */,
				A61929201C94912A00D8C945 /* Hash_MeTests.swift in Sources */,
				A6BBA7B41C9525560030DB53 /* TrailData.swift in Sources */,
				A6271D3F1CCFE7680060E8DB /* KennelMemberCell.swift in Sources */,
				A6B22DFA1CC9019C00A4F389 /* HasherPickerTableCell.swift in Sources */,
				A6477B2A1CDCD33C00194752 /* TrailMapAnno.swift in Sources */,
				A6B22DF21CC9016A00A4F389 /* KennelPickerTableVC.swift in Sources */,
				A6CB71381C96210600F27D12 /* ManageTrailVC.swift in Sources */,
				A6BBA7B01C9524690030DB53 /* TrailCell.swift in Sources */,
				DA5E78191C975A2A003A0E01 /* HasherDataVC.swift in Sources */,
				A6A0E3D71C9496A00003EE0E /* DataService.swift in Sources */,
				A6B22DEA1CC6CDDB00A4F389 /* HasherPickerVC.swift in Sources */,
				A68864CB1CE3A97400F94A46 /* HashMeTextField.swift in Sources */,
				A64554E41C975BC60016373E /* AddNewTrailVC.swift in Sources */,
				A6FB475E1C9A0D5700B370CD /* KennelData.swift in Sources */,
				A6A0E3EF1C94AAB40003EE0E /* Constants.swift in Sources */,
				A6764AC51CCA5DEE00E376F0 /* KennelTrailsCell.swift in Sources */,
				A6FB475A1C9A0D2B00B370CD /* KennelListVC.swift in Sources */,
				A6E619931CEA7FAF00FC091C /* HasherCell.swift in Sources */,
				A68864D41CE3AFDE00F94A46 /* ClaimHashIdVC.swift in Sources */,
				A60007AC1CBEE3620040F15A /* KennelPickerVC.swift in Sources */,
			);
			runOnlyForDeploymentPostprocessing = 0;
		};
		A61929221C94912A00D8C945 /* Sources */ = {
			isa = PBXSourcesBuildPhase;
			buildActionMask = 2147483647;
			files = (
				A6B22DFF1CC901B400A4F389 /* HasherPickerTableVC.swift in Sources */,
				A6D58C371CE799FE00CA149C /* ReportingTestVC.swift in Sources */,
				A6764ACA1CCAB28900E376F0 /* MapAddressVC.swift in Sources */,
				A6477B2F1CDCD36300194752 /* KennelMapAnno.swift in Sources */,
				A6E6198F1CEA7F9400FC091C /* TrailListVC.swift in Sources */,
				A6FB47631C9A0E0A00B370CD /* KennelCell.swift in Sources */,
				A68864C81CE3A8D900F94A46 /* HashMeButton.swift in Sources */,
				A63CA2C71CD93F360081F9E5 /* EditMismanVC.swift in Sources */,
				A6B22DF71CC9018100A4F389 /* KennelPickerTableCell.swift in Sources */,
				A6E619901CEA7FA000FC091C /* KennelMembersVC.swift in Sources */,
				A6E6198C1CEA7F8D00FC091C /* TrailDetailsVC.swift in Sources */,
				A6C7AEE81CA33D5E0080814C /* AttendeeData.swift in Sources */,
				A6764ACE1CCBD72600E376F0 /* EditKennelVC.swift in Sources */,
				A6A349521CB92E5900B919D8 /* ManageKennelVC.swift in Sources */,
				A6A0E3EC1C94A4650003EE0E /* LoginScreenVC.swift in Sources */,
				DA15804D1C974C790042614A /* HasherData.swift in Sources */,
				A6B22DEF1CC7FFC000A4F389 /* HareCell.swift in Sources */,
				A6BA76631CBBE58600D29C66 /* AttendeeCell.swift in Sources */,
				A68864D01CE3A9A500F94A46 /* HashMeView.swift in Sources */,
				A6188D611C9A174700BAE354 /* AppDelegate.swift in Sources */,
				A6BA76671CBBF32A00D29C66 /* AttendeeDetailsVC.swift in Sources */,
				A619292B1C94912A00D8C945 /* Hash_MeUITests.swift in Sources */,
				A6BBA7B51C9525560030DB53 /* TrailData.swift in Sources */,
				A6271D401CCFE7680060E8DB /* KennelMemberCell.swift in Sources */,
				A6B22DFB1CC9019C00A4F389 /* HasherPickerTableCell.swift in Sources */,
				A6477B2B1CDCD33C00194752 /* TrailMapAnno.swift in Sources */,
				A6B22DF31CC9016A00A4F389 /* KennelPickerTableVC.swift in Sources */,
				A6CB71391C96210600F27D12 /* ManageTrailVC.swift in Sources */,
				A6BBA7B11C9524690030DB53 /* TrailCell.swift in Sources */,
				DA5E781A1C975A2B003A0E01 /* HasherDataVC.swift in Sources */,
				A6A0E3D81C9496A00003EE0E /* DataService.swift in Sources */,
				A6B22DEB1CC6CDDB00A4F389 /* HasherPickerVC.swift in Sources */,
				A68864CC1CE3A97400F94A46 /* HashMeTextField.swift in Sources */,
				A64554E51C975BC60016373E /* AddNewTrailVC.swift in Sources */,
				A6FB475F1C9A0D5700B370CD /* KennelData.swift in Sources */,
				A6A0E3F01C94AAB40003EE0E /* Constants.swift in Sources */,
				A6764AC61CCA5DEE00E376F0 /* KennelTrailsCell.swift in Sources */,
				A6FB475B1C9A0D2B00B370CD /* KennelListVC.swift in Sources */,
				A6E619921CEA7FAF00FC091C /* HasherCell.swift in Sources */,
				A68864D51CE3AFDE00F94A46 /* ClaimHashIdVC.swift in Sources */,
				A60007AD1CBEE3620040F15A /* KennelPickerVC.swift in Sources */,
			);
			runOnlyForDeploymentPostprocessing = 0;
		};
/* End PBXSourcesBuildPhase section */

/* Begin PBXTargetDependency section */
		A619291D1C94912A00D8C945 /* PBXTargetDependency */ = {
			isa = PBXTargetDependency;
			target = A61929041C94912A00D8C945 /* Hash Me */;
			targetProxy = A619291C1C94912A00D8C945 /* PBXContainerItemProxy */;
		};
		A61929281C94912A00D8C945 /* PBXTargetDependency */ = {
			isa = PBXTargetDependency;
			target = A61929041C94912A00D8C945 /* Hash Me */;
			targetProxy = A61929271C94912A00D8C945 /* PBXContainerItemProxy */;
		};
/* End PBXTargetDependency section */

/* Begin PBXVariantGroup section */
		A61929131C94912A00D8C945 /* LaunchScreen.storyboard */ = {
			isa = PBXVariantGroup;
			children = (
				A61929141C94912A00D8C945 /* Base */,
			);
			name = LaunchScreen.storyboard;
			sourceTree = "<group>";
		};
/* End PBXVariantGroup section */

/* Begin XCBuildConfiguration section */
		A619292D1C94912A00D8C945 /* Debug */ = {
			isa = XCBuildConfiguration;
			buildSettings = {
				ALWAYS_SEARCH_USER_PATHS = NO;
				CLANG_CXX_LANGUAGE_STANDARD = "gnu++0x";
				CLANG_CXX_LIBRARY = "libc++";
				CLANG_ENABLE_MODULES = YES;
				CLANG_ENABLE_OBJC_ARC = YES;
				CLANG_WARN_BOOL_CONVERSION = YES;
				CLANG_WARN_CONSTANT_CONVERSION = YES;
				CLANG_WARN_DIRECT_OBJC_ISA_USAGE = YES_ERROR;
				CLANG_WARN_EMPTY_BODY = YES;
				CLANG_WARN_ENUM_CONVERSION = YES;
				CLANG_WARN_INT_CONVERSION = YES;
				CLANG_WARN_OBJC_ROOT_CLASS = YES_ERROR;
				CLANG_WARN_UNREACHABLE_CODE = YES;
				CLANG_WARN__DUPLICATE_METHOD_MATCH = YES;
				CODE_SIGN_IDENTITY = "iPhone Developer: ericklose@gmail.com (95ZL7SY7DZ)";
				"CODE_SIGN_IDENTITY[sdk=iphoneos*]" = "iPhone Developer";
				COPY_PHASE_STRIP = NO;
				DEBUG_INFORMATION_FORMAT = dwarf;
				ENABLE_STRICT_OBJC_MSGSEND = YES;
				ENABLE_TESTABILITY = YES;
				GCC_C_LANGUAGE_STANDARD = gnu99;
				GCC_DYNAMIC_NO_PIC = NO;
				GCC_NO_COMMON_BLOCKS = YES;
				GCC_OPTIMIZATION_LEVEL = 0;
				GCC_PREPROCESSOR_DEFINITIONS = (
					"DEBUG=1",
					"$(inherited)",
				);
				GCC_WARN_64_TO_32_BIT_CONVERSION = YES;
				GCC_WARN_ABOUT_RETURN_TYPE = YES_ERROR;
				GCC_WARN_UNDECLARED_SELECTOR = YES;
				GCC_WARN_UNINITIALIZED_AUTOS = YES_AGGRESSIVE;
				GCC_WARN_UNUSED_FUNCTION = YES;
				GCC_WARN_UNUSED_VARIABLE = YES;
				IPHONEOS_DEPLOYMENT_TARGET = 9.2;
				MTL_ENABLE_DEBUG_INFO = YES;
				ONLY_ACTIVE_ARCH = YES;
				SDKROOT = iphoneos;
				SWIFT_OPTIMIZATION_LEVEL = "-Onone";
				TARGETED_DEVICE_FAMILY = "1,2";
				VALIDATE_PRODUCT = YES;
			};
			name = Debug;
		};
		A619292E1C94912A00D8C945 /* Release */ = {
			isa = XCBuildConfiguration;
			buildSettings = {
				ALWAYS_SEARCH_USER_PATHS = NO;
				CLANG_CXX_LANGUAGE_STANDARD = "gnu++0x";
				CLANG_CXX_LIBRARY = "libc++";
				CLANG_ENABLE_MODULES = YES;
				CLANG_ENABLE_OBJC_ARC = YES;
				CLANG_WARN_BOOL_CONVERSION = YES;
				CLANG_WARN_CONSTANT_CONVERSION = YES;
				CLANG_WARN_DIRECT_OBJC_ISA_USAGE = YES_ERROR;
				CLANG_WARN_EMPTY_BODY = YES;
				CLANG_WARN_ENUM_CONVERSION = YES;
				CLANG_WARN_INT_CONVERSION = YES;
				CLANG_WARN_OBJC_ROOT_CLASS = YES_ERROR;
				CLANG_WARN_UNREACHABLE_CODE = YES;
				CLANG_WARN__DUPLICATE_METHOD_MATCH = YES;
				CODE_SIGN_IDENTITY = "iPhone Developer: ericklose@gmail.com (95ZL7SY7DZ)";
				"CODE_SIGN_IDENTITY[sdk=iphoneos*]" = "iPhone Developer";
				COPY_PHASE_STRIP = NO;
				DEBUG_INFORMATION_FORMAT = "dwarf-with-dsym";
				ENABLE_NS_ASSERTIONS = NO;
				ENABLE_STRICT_OBJC_MSGSEND = YES;
				ENABLE_TESTABILITY = YES;
				GCC_C_LANGUAGE_STANDARD = gnu99;
				GCC_NO_COMMON_BLOCKS = YES;
				GCC_WARN_64_TO_32_BIT_CONVERSION = YES;
				GCC_WARN_ABOUT_RETURN_TYPE = YES_ERROR;
				GCC_WARN_UNDECLARED_SELECTOR = YES;
				GCC_WARN_UNINITIALIZED_AUTOS = YES_AGGRESSIVE;
				GCC_WARN_UNUSED_FUNCTION = YES;
				GCC_WARN_UNUSED_VARIABLE = YES;
				IPHONEOS_DEPLOYMENT_TARGET = 9.2;
				MTL_ENABLE_DEBUG_INFO = NO;
				SDKROOT = iphoneos;
				TARGETED_DEVICE_FAMILY = "1,2";
				VALIDATE_PRODUCT = YES;
			};
			name = Release;
		};
		A61929301C94912A00D8C945 /* Debug */ = {
			isa = XCBuildConfiguration;
			baseConfigurationReference = 52927BA7EB0468E45C3E7B38 /* Pods.debug.xcconfig */;
			buildSettings = {
				ASSETCATALOG_COMPILER_APPICON_NAME = AppIcon;
				CODE_SIGN_IDENTITY = "iPhone Developer";
				"CODE_SIGN_IDENTITY[sdk=iphoneos*]" = "iPhone Developer";
				FRAMEWORK_SEARCH_PATHS = (
					"$(inherited)",
					"$(PROJECT_DIR)",
				);
				INFOPLIST_FILE = "Hash Me/Info.plist";
				LD_RUNPATH_SEARCH_PATHS = "$(inherited) @executable_path/Frameworks";
				PRODUCT_BUNDLE_IDENTIFIER = "com.hollyanderic.Hash-Me";
				PRODUCT_NAME = "$(TARGET_NAME)";
				PROVISIONING_PROFILE = "";
			};
			name = Debug;
		};
		A61929311C94912A00D8C945 /* Release */ = {
			isa = XCBuildConfiguration;
			baseConfigurationReference = 95A7A265369CD9D77AD603C0 /* Pods.release.xcconfig */;
			buildSettings = {
				ASSETCATALOG_COMPILER_APPICON_NAME = AppIcon;
				CODE_SIGN_IDENTITY = "iPhone Developer";
				"CODE_SIGN_IDENTITY[sdk=iphoneos*]" = "iPhone Developer";
				FRAMEWORK_SEARCH_PATHS = (
					"$(inherited)",
					"$(PROJECT_DIR)",
				);
				INFOPLIST_FILE = "Hash Me/Info.plist";
				LD_RUNPATH_SEARCH_PATHS = "$(inherited) @executable_path/Frameworks";
				PRODUCT_BUNDLE_IDENTIFIER = "com.hollyanderic.Hash-Me";
				PRODUCT_NAME = "$(TARGET_NAME)";
				PROVISIONING_PROFILE = "";
			};
			name = Release;
		};
		A61929331C94912A00D8C945 /* Debug */ = {
			isa = XCBuildConfiguration;
			buildSettings = {
				BUNDLE_LOADER = "$(TEST_HOST)";
				FRAMEWORK_SEARCH_PATHS = (
					"$(inherited)",
					"$(PROJECT_DIR)",
				);
				INFOPLIST_FILE = "Hash MeTests/Info.plist";
				LD_RUNPATH_SEARCH_PATHS = "$(inherited) @executable_path/Frameworks @loader_path/Frameworks";
				PRODUCT_BUNDLE_IDENTIFIER = "com.hollyanderic.Hash-MeTests";
				PRODUCT_NAME = "$(TARGET_NAME)";
				TEST_HOST = "$(BUILT_PRODUCTS_DIR)/Hash Me.app/Hash Me";
			};
			name = Debug;
		};
		A61929341C94912A00D8C945 /* Release */ = {
			isa = XCBuildConfiguration;
			buildSettings = {
				BUNDLE_LOADER = "$(TEST_HOST)";
				FRAMEWORK_SEARCH_PATHS = (
					"$(inherited)",
					"$(PROJECT_DIR)",
				);
				INFOPLIST_FILE = "Hash MeTests/Info.plist";
				LD_RUNPATH_SEARCH_PATHS = "$(inherited) @executable_path/Frameworks @loader_path/Frameworks";
				PRODUCT_BUNDLE_IDENTIFIER = "com.hollyanderic.Hash-MeTests";
				PRODUCT_NAME = "$(TARGET_NAME)";
				TEST_HOST = "$(BUILT_PRODUCTS_DIR)/Hash Me.app/Hash Me";
			};
			name = Release;
		};
		A61929361C94912A00D8C945 /* Debug */ = {
			isa = XCBuildConfiguration;
			buildSettings = {
				FRAMEWORK_SEARCH_PATHS = (
					"$(inherited)",
					"$(PROJECT_DIR)",
				);
				INFOPLIST_FILE = "Hash MeUITests/Info.plist";
				LD_RUNPATH_SEARCH_PATHS = "$(inherited) @executable_path/Frameworks @loader_path/Frameworks";
				PRODUCT_BUNDLE_IDENTIFIER = "com.hollyanderic.Hash-MeUITests";
				PRODUCT_NAME = "$(TARGET_NAME)";
				TEST_TARGET_NAME = "Hash Me";
				USES_XCTRUNNER = YES;
			};
			name = Debug;
		};
		A61929371C94912A00D8C945 /* Release */ = {
			isa = XCBuildConfiguration;
			buildSettings = {
				FRAMEWORK_SEARCH_PATHS = (
					"$(inherited)",
					"$(PROJECT_DIR)",
				);
				INFOPLIST_FILE = "Hash MeUITests/Info.plist";
				LD_RUNPATH_SEARCH_PATHS = "$(inherited) @executable_path/Frameworks @loader_path/Frameworks";
				PRODUCT_BUNDLE_IDENTIFIER = "com.hollyanderic.Hash-MeUITests";
				PRODUCT_NAME = "$(TARGET_NAME)";
				TEST_TARGET_NAME = "Hash Me";
				USES_XCTRUNNER = YES;
			};
			name = Release;
		};
/* End XCBuildConfiguration section */

/* Begin XCConfigurationList section */
		A61929001C94912A00D8C945 /* Build configuration list for PBXProject "Hash Me" */ = {
			isa = XCConfigurationList;
			buildConfigurations = (
				A619292D1C94912A00D8C945 /* Debug */,
				A619292E1C94912A00D8C945 /* Release */,
			);
			defaultConfigurationIsVisible = 0;
			defaultConfigurationName = Release;
		};
		A619292F1C94912A00D8C945 /* Build configuration list for PBXNativeTarget "Hash Me" */ = {
			isa = XCConfigurationList;
			buildConfigurations = (
				A61929301C94912A00D8C945 /* Debug */,
				A61929311C94912A00D8C945 /* Release */,
			);
			defaultConfigurationIsVisible = 0;
			defaultConfigurationName = Release;
		};
		A61929321C94912A00D8C945 /* Build configuration list for PBXNativeTarget "Hash MeTests" */ = {
			isa = XCConfigurationList;
			buildConfigurations = (
				A61929331C94912A00D8C945 /* Debug */,
				A61929341C94912A00D8C945 /* Release */,
			);
			defaultConfigurationIsVisible = 0;
			defaultConfigurationName = Release;
		};
		A61929351C94912A00D8C945 /* Build configuration list for PBXNativeTarget "Hash MeUITests" */ = {
			isa = XCConfigurationList;
			buildConfigurations = (
				A61929361C94912A00D8C945 /* Debug */,
				A61929371C94912A00D8C945 /* Release */,
			);
			defaultConfigurationIsVisible = 0;
			defaultConfigurationName = Release;
		};
/* End XCConfigurationList section */
	};
	rootObject = A61928FD1C94912A00D8C945 /* Project object */;
}
